
Microsoft Visual Studio Solution File, Format Version 12.00
# Visual Studio Version 17
VisualStudioVersion = 17.9.34723.18
MinimumVisualStudioVersion = 10.0.40219.1
Project("{FAE04EC0-301F-11D3-BF4B-00C04F79EFBC}") = "FixedPartition", "FixedPartition\FixedPartition.csproj", "{BFC1B4EF-8515-41D6-B153-0985633549DC}"
EndProject
Global
	GlobalSection(SolutionConfigurationPlatforms) = preSolution
		Debug|Any CPU = Debug|Any CPU
		Release|Any CPU = Release|Any CPU
	EndGlobalSection
	GlobalSection(ProjectConfigurationPlatforms) = postSolution
		{BFC1B4EF-8515-41D6-B153-0985633549DC}.Debug|Any CPU.ActiveCfg = Debug|Any CPU
		{BFC1B4EF-8515-41D6-B153-0985633549DC}.Debug|Any CPU.Build.0 = Debug|Any CPU
		{BFC1B4EF-8515-41D6-B153-0985633549DC}.Release|Any CPU.ActiveCfg = Release|Any CPU
		{BFC1B4EF-8515-41D6-B153-0985633549DC}.Release|Any CPU.Build.0 = Release|Any CPU
	EndGlobalSection
	GlobalSection(SolutionProperties) = preSolution
		HideSolutionNode = FALSE
	EndGlobalSection
	GlobalSection(ExtensibilityGlobals) = postSolution
		SolutionGuid = {92594A53-9CC8-4CAC-BE9A-F2DFBA5D2BA5}
	EndGlobalSection
EndGlobal
